
Microsoft Visual Studio Solution File, Format Version 11.00
# Visual Studio 2010
Project("{FAE04EC0-301F-11D3-BF4B-00C04F79EFBC}") = "PArticulo", "PArticulo.csproj", "{60A98107-91AF-4DD7-8C82-DE09AC503076}"
EndProject
Global
	GlobalSection(SolutionConfigurationPlatforms) = preSolution
		Debug|x86 = Debug|x86
		Release|x86 = Release|x86
	EndGlobalSection
	GlobalSection(ProjectConfigurationPlatforms) = postSolution
		{60A98107-91AF-4DD7-8C82-DE09AC503076}.Debug|x86.ActiveCfg = Debug|x86
		{60A98107-91AF-4DD7-8C82-DE09AC503076}.Debug|x86.Build.0 = Debug|x86
		{60A98107-91AF-4DD7-8C82-DE09AC503076}.Release|x86.ActiveCfg = Release|x86
		{60A98107-91AF-4DD7-8C82-DE09AC503076}.Release|x86.Build.0 = Release|x86
	EndGlobalSection
	GlobalSection(MonoDevelopProperties) = preSolution
		StartupItem = PArticulo.csproj
	EndGlobalSection
EndGlobal
